# This file is automatically @generated by Cargo.
# It is not intended for manual editing.
version = 4

[[package]]
name = "use-agent"
version = "0.0.1"

[[package]]
name = "use-ai"
version = "0.0.1"
dependencies = [
 "use-agent",
 "use-ai-capability",
 "use-ai-context",
 "use-ai-eval",
 "use-ai-memory",
 "use-ai-message",
 "use-ai-model",
 "use-ai-prompt",
 "use-ai-provider",
 "use-ai-role",
 "use-guardrail",
 "use-planning",
 "use-rag",
 "use-reasoning",
 "use-tool-call",
]

[[package]]
name = "use-ai-capability"
version = "0.0.1"

[[package]]
name = "use-ai-context"
version = "0.0.1"

[[package]]
name = "use-ai-eval"
version = "0.0.1"

[[package]]
name = "use-ai-memory"
version = "0.0.1"

[[package]]
name = "use-ai-message"
version = "0.0.1"

[[package]]
name = "use-ai-model"
version = "0.0.1"

[[package]]
name = "use-ai-prompt"
version = "0.0.1"

[[package]]
name = "use-ai-provider"
version = "0.0.1"

[[package]]
name = "use-ai-role"
version = "0.0.1"

[[package]]
name = "use-guardrail"
version = "0.0.1"

[[package]]
name = "use-planning"
version = "0.0.1"

[[package]]
name = "use-rag"
version = "0.0.1"

[[package]]
name = "use-reasoning"
version = "0.0.1"

[[package]]
name = "use-tool-call"
version = "0.0.1"
